
Microsoft Visual Studio Solution File, Format Version 12.00
# Visual Studio 15
Project("{FAE04EC0-301F-11D3-BF4B-00C04F79EFBC}") = "Chaos Bounce", "Chaos Bounce.csproj", "{CF0CB43E-4C31-4EAD-B817-5E0B35CC5152}"
EndProject
Project("{FAE04EC0-301F-11D3-BF4B-00C04F79EFBC}") = "Chaos Bounce.Editor", "Chaos Bounce.Editor.csproj", "{53FD043F-7249-9A24-83F1-D48A2A9D5492}"
EndProject
Global
	GlobalSection(SolutionConfigurationPlatforms) = preSolution
		Debug|Any CPU = Debug|Any CPU
		Release|Any CPU = Release|Any CPU
	EndGlobalSection
	GlobalSection(ProjectConfigurationPlatforms) = postSolution
		{CF0CB43E-4C31-4EAD-B817-5E0B35CC5152}.Debug|Any CPU.ActiveCfg = Debug|Any CPU
		{CF0CB43E-4C31-4EAD-B817-5E0B35CC5152}.Debug|Any CPU.Build.0 = Debug|Any CPU
		{CF0CB43E-4C31-4EAD-B817-5E0B35CC5152}.Release|Any CPU.ActiveCfg = Release|Any CPU
		{CF0CB43E-4C31-4EAD-B817-5E0B35CC5152}.Release|Any CPU.Build.0 = Release|Any CPU
		{53FD043F-7249-9A24-83F1-D48A2A9D5492}.Debug|Any CPU.ActiveCfg = Debug|Any CPU
		{53FD043F-7249-9A24-83F1-D48A2A9D5492}.Debug|Any CPU.Build.0 = Debug|Any CPU
		{53FD043F-7249-9A24-83F1-D48A2A9D5492}.Release|Any CPU.ActiveCfg = Release|Any CPU
		{53FD043F-7249-9A24-83F1-D48A2A9D5492}.Release|Any CPU.Build.0 = Release|Any CPU
	EndGlobalSection
	GlobalSection(SolutionProperties) = preSolution
		HideSolutionNode = FALSE
	EndGlobalSection
EndGlobal
